
Microsoft Visual Studio Solution File, Format Version 12.00
# Visual Studio Version 17
VisualStudioVersion = 17.6.33829.357
MinimumVisualStudioVersion = 10.0.40219.1
Project("{9A19103F-16F7-4668-BE54-9A1E7A4F7556}") = "LeetCode.Tests", "LeetCode.Tests\LeetCode.Tests.csproj", "{D7052DAB-6BF0-4901-90F6-55AD0AF3E2F4}"
EndProject
Project("{9A19103F-16F7-4668-BE54-9A1E7A4F7556}") = "LeetCode", "LeetCodeProblems\LeetCode.csproj", "{E817F550-A705-43B5-BC99-D43C89F76D78}"
EndProject
Global
	GlobalSection(SolutionConfigurationPlatforms) = preSolution
		Debug|Any CPU = Debug|Any CPU
		Release|Any CPU = Release|Any CPU
	EndGlobalSection
	GlobalSection(ProjectConfigurationPlatforms) = postSolution
		{D7052DAB-6BF0-4901-90F6-55AD0AF3E2F4}.Debug|Any CPU.ActiveCfg = Debug|Any CPU
		{D7052DAB-6BF0-4901-90F6-55AD0AF3E2F4}.Debug|Any CPU.Build.0 = Debug|Any CPU
		{D7052DAB-6BF0-4901-90F6-55AD0AF3E2F4}.Release|Any CPU.ActiveCfg = Release|Any CPU
		{D7052DAB-6BF0-4901-90F6-55AD0AF3E2F4}.Release|Any CPU.Build.0 = Release|Any CPU
		{E817F550-A705-43B5-BC99-D43C89F76D78}.Debug|Any CPU.ActiveCfg = Debug|Any CPU
		{E817F550-A705-43B5-BC99-D43C89F76D78}.Debug|Any CPU.Build.0 = Debug|Any CPU
		{E817F550-A705-43B5-BC99-D43C89F76D78}.Release|Any CPU.ActiveCfg = Release|Any CPU
		{E817F550-A705-43B5-BC99-D43C89F76D78}.Release|Any CPU.Build.0 = Release|Any CPU
	EndGlobalSection
	GlobalSection(SolutionProperties) = preSolution
		HideSolutionNode = FALSE
	EndGlobalSection
	GlobalSection(ExtensibilityGlobals) = postSolution
		SolutionGuid = {C4119668-9A6B-43DB-958D-F4E17B7E7C54}
	EndGlobalSection
EndGlobal
